// !$*UTF8*$!
{
	archiveVersion = 1;
	classes = {
	};
	objectVersion = 46;
	objects = {

/* Begin PBXBuildFile section */
		938DCCE31E365FC500F1E5C7 /* FirstRunner.cpp in Sources */ = {isa = PBXBuildFile; fileRef = 938DCCE21E365FC500F1E5C7 /* FirstRunner.cpp */; };
		938DCCE51E3661B600F1E5C7 /* FirstController.cpp in Sources */ = {isa = PBXBuildFile; fileRef = 938DCCE41E3661B600F1E5C7 /* FirstController.cpp */; };
/* End PBXBuildFile section */

/* Begin PBXCopyFilesBuildPhase section */
		938DCCD61E365B0000F1E5C7 /* CopyFiles */ = {
			isa = PBXCopyFilesBuildPhase;
			buildActionMask = 2147483647;
			dstPath = /usr/share/man/man1/;
			dstSubfolderSpec = 0;
			files = (
			);
			runOnlyForDeploymentPostprocessing = 1;
		};
/* End PBXCopyFilesBuildPhase section */

/* Begin PBXFileReference section */
		938DCCD81E365B0000F1E5C7 /* FirstC */ = {isa = PBXFileReference; explicitFileType = "compiled.mach-o.executable"; includeInIndex = 0; path = FirstC; sourceTree = BUILT_PRODUCTS_DIR; };
		938DCCE21E365FC500F1E5C7 /* FirstRunner.cpp */ = {isa = PBXFileReference; fileEncoding = 4; lastKnownFileType = sourcecode.cpp.cpp; name = FirstRunner.cpp; path = Controller/FirstRunner.cpp; sourceTree = "<group>"; };
		938DCCE41E3661B600F1E5C7 /* FirstController.cpp */ = {isa = PBXFileReference; fileEncoding = 4; lastKnownFileType = sourcecode.cpp.cpp; name = FirstController.cpp; path = Controller/FirstController.cpp; sourceTree = "<group>"; };
		938DCCE61E36645B00F1E5C7 /* FirstController.h */ = {isa = PBXFileReference; lastKnownFileType = sourcecode.c.h; name = FirstController.h; path = Controller/FirstController.h; sourceTree = "<group>"; };
/* End PBXFileReference section */

/* Begin PBXFrameworksBuildPhase section */
		938DCCD51E365B0000F1E5C7 /* Frameworks */ = {
			isa = PBXFrameworksBuildPhase;
			buildActionMask = 2147483647;
			files = (
			);
			runOnlyForDeploymentPostprocessing = 0;
		};
/* End PBXFrameworksBuildPhase section */

/* Begin PBXGroup section */
		938DCCCF1E365B0000F1E5C7 = {
			isa = PBXGroup;
			children = (
				938DCCDA1E365B0000F1E5C7 /* FirstC */,
				938DCCD91E365B0000F1E5C7 /* Products */,
			);
			sourceTree = "<group>";
		};
		938DCCD91E365B0000F1E5C7 /* Products */ = {
			isa = PBXGroup;
			children = (
				938DCCD81E365B0000F1E5C7 /* FirstC */,
			);
			name = Products;
			sourceTree = "<group>";
		};
		938DCCDA1E365B0000F1E5C7 /* FirstC */ = {
			isa = PBXGroup;
			children = (
				93F9F4391E38FDD000BD1B82 /* Controller */,
			);
			path = FirstC;
			sourceTree = "<group>";
		};
		93F9F4391E38FDD000BD1B82 /* Controller */ = {
			isa = PBXGroup;
			children = (
				938DCCE21E365FC500F1E5C7 /* FirstRunner.cpp */,
				938DCCE41E3661B600F1E5C7 /* FirstController.cpp */,
				938DCCE61E36645B00F1E5C7 /* FirstController.h */,
			);
			name = Controller;
			sourceTree = "<group>";
		};
/* End PBXGroup section */

/* Begin PBXNativeTarget section */
		938DCCD71E365B0000F1E5C7 /* FirstC */ = {
			isa = PBXNativeTarget;
			buildConfigurationList = 938DCCDF1E365B0000F1E5C7 /* Build configuration list for PBXNativeTarget "FirstC" */;
			buildPhases = (
				938DCCD41E365B0000F1E5C7 /* Sources */,
				938DCCD51E365B0000F1E5C7 /* Frameworks */,
				938DCCD61E365B0000F1E5C7 /* CopyFiles */,
			);
			buildRules = (
			);
			dependencies = (
			);
			name = FirstC;
			productName = FirstC;
			productReference = 938DCCD81E365B0000F1E5C7 /* FirstC */;
			productType = "com.apple.product-type.tool";
		};
/* End PBXNativeTarget section */

/* Begin PBXProject section */
		938DCCD01E365B0000F1E5C7 /* Project object */ = {
			isa = PBXProject;
			attributes = {
				LastUpgradeCheck = 0810;
				ORGANIZATIONNAME = "Tucker, Jonah";
				TargetAttributes = {
					938DCCD71E365B0000F1E5C7 = {
						CreatedOnToolsVersion = 8.1;
						ProvisioningStyle = Automatic;
					};
				};
			};
			buildConfigurationList = 938DCCD31E365B0000F1E5C7 /* Build configuration list for PBXProject "FirstC" */;
			compatibilityVersion = "Xcode 3.2";
			developmentRegion = English;
			hasScannedForEncodings = 0;
			knownRegions = (
				en,
			);
			mainGroup = 938DCCCF1E365B0000F1E5C7;
			productRefGroup = 938DCCD91E365B0000F1E5C7 /* Products */;
			projectDirPath = "";
			projectRoot = "";
			targets = (
				938DCCD71E365B0000F1E5C7 /* FirstC */,
			);
		};
/* End PBXProject section */

/* Begin PBXSourcesBuildPhase section */
		938DCCD41E365B0000F1E5C7 /* Sources */ = {
			isa = PBXSourcesBuildPhase;
			buildActionMask = 2147483647;
			files = (
				938DCCE51E3661B600F1E5C7 /* FirstController.cpp in Sources */,
				938DCCE31E365FC500F1E5C7 /* FirstRunner.cpp in Sources */,
			);
			runOnlyForDeploymentPostprocessing = 0;
		};
/* End PBXSourcesBuildPhase section */

/* Begin XCBuildConfiguration section */
		938DCCDD1E365B0000F1E5C7 /* Debug */ = {
			isa = XCBuildConfiguration;
			buildSettings = {
				ALWAYS_SEARCH_USER_PATHS = NO;
				CLANG_ANALYZER_NONNULL = YES;
				CLANG_CXX_LANGUAGE_STANDARD = "gnu++0x";
				CLANG_CXX_LIBRARY = "libc++";
				CLANG_ENABLE_MODULES = YES;
				CLANG_ENABLE_OBJC_ARC = YES;
				CLANG_WARN_BOOL_CONVERSION = YES;
				CLANG_WARN_CONSTANT_CONVERSION = YES;
				CLANG_WARN_DIRECT_OBJC_ISA_USAGE = YES_ERROR;
				CLANG_WARN_DOCUMENTATION_COMMENTS = YES;
				CLANG_WARN_EMPTY_BODY = YES;
				CLANG_WARN_ENUM_CONVERSION = YES;
				CLANG_WARN_INFINITE_RECURSION = YES;
				CLANG_WARN_INT_CONVERSION = YES;
				CLANG_WARN_OBJC_ROOT_CLASS = YES_ERROR;
				CLANG_WARN_SUSPICIOUS_MOVES = YES;
				CLANG_WARN_UNREACHABLE_CODE = YES;
				CLANG_WARN__DUPLICATE_METHOD_MATCH = YES;
				CODE_SIGN_IDENTITY = "-";
				COPY_PHASE_STRIP = NO;
				DEBUG_INFORMATION_FORMAT = dwarf;
				ENABLE_STRICT_OBJC_MSGSEND = YES;
				ENABLE_TESTABILITY = YES;
				GCC_C_LANGUAGE_STANDARD = gnu99;
				GCC_DYNAMIC_NO_PIC = NO;
				GCC_NO_COMMON_BLOCKS = YES;
				GCC_OPTIMIZATION_LEVEL = 0;
				GCC_PREPROCESSOR_DEFINITIONS = (
					"DEBUG=1",
					"$(inherited)",
				);
				GCC_WARN_64_TO_32_BIT_CONVERSION = YES;
				GCC_WARN_ABOUT_RETURN_TYPE = YES_ERROR;
				GCC_WARN_UNDECLARED_SELECTOR = YES;
				GCC_WARN_UNINITIALIZED_AUTOS = YES_AGGRESSIVE;
				GCC_WARN_UNUSED_FUNCTION = YES;
				GCC_WARN_UNUSED_VARIABLE = YES;
				MACOSX_DEPLOYMENT_TARGET = 10.11;
				MTL_ENABLE_DEBUG_INFO = YES;
				ONLY_ACTIVE_ARCH = YES;
				SDKROOT = macosx;
			};
			name = Debug;
		};
		938DCCDE1E365B0000F1E5C7 /* Release */ = {
			isa = XCBuildConfiguration;
			buildSettings = {
				ALWAYS_SEARCH_USER_PATHS = NO;
				CLANG_ANALYZER_NONNULL = YES;
				CLANG_CXX_LANGUAGE_STANDARD = "gnu++0x";
				CLANG_CXX_LIBRARY = "libc++";
				CLANG_ENABLE_MODULES = YES;
				CLANG_ENABLE_OBJC_ARC = YES;
				CLANG_WARN_BOOL_CONVERSION = YES;
				CLANG_WARN_CONSTANT_CONVERSION = YES;
				CLANG_WARN_DIRECT_OBJC_ISA_USAGE = YES_ERROR;
				CLANG_WARN_DOCUMENTATION_COMMENTS = YES;
				CLANG_WARN_EMPTY_BODY = YES;
				CLANG_WARN_ENUM_CONVERSION = YES;
				CLANG_WARN_INFINITE_RECURSION = YES;
				CLANG_WARN_INT_CONVERSION = YES;
				CLANG_WARN_OBJC_ROOT_CLASS = YES_ERROR;
				CLANG_WARN_SUSPICIOUS_MOVES = YES;
				CLANG_WARN_UNREACHABLE_CODE = YES;
				CLANG_WARN__DUPLICATE_METHOD_MATCH = YES;
				CODE_SIGN_IDENTITY = "-";
				COPY_PHASE_STRIP = NO;
				DEBUG_INFORMATION_FORMAT = "dwarf-with-dsym";
				ENABLE_NS_ASSERTIONS = NO;
				ENABLE_STRICT_OBJC_MSGSEND = YES;
				GCC_C_LANGUAGE_STANDARD = gnu99;
				GCC_NO_COMMON_BLOCKS = YES;
				GCC_WARN_64_TO_32_BIT_CONVERSION = YES;
				GCC_WARN_ABOUT_RETURN_TYPE = YES_ERROR;
				GCC_WARN_UNDECLARED_SELECTOR = YES;
				GCC_WARN_UNINITIALIZED_AUTOS = YES_AGGRESSIVE;
				GCC_WARN_UNUSED_FUNCTION = YES;
				GCC_WARN_UNUSED_VARIABLE = YES;
				MACOSX_DEPLOYMENT_TARGET = 10.11;
				MTL_ENABLE_DEBUG_INFO = NO;
				SDKROOT = macosx;
			};
			name = Release;
		};
		938DCCE01E365B0000F1E5C7 /* Debug */ = {
			isa = XCBuildConfiguration;
			buildSettings = {
				PRODUCT_NAME = "$(TARGET_NAME)";
			};
			name = Debug;
		};
		938DCCE11E365B0000F1E5C7 /* Release */ = {
			isa = XCBuildConfiguration;
			buildSettings = {
				PRODUCT_NAME = "$(TARGET_NAME)";
			};
			name = Release;
		};
/* End XCBuildConfiguration section */

/* Begin XCConfigurationList section */
		938DCCD31E365B0000F1E5C7 /* Build configuration list for PBXProject "FirstC" */ = {
			isa = XCConfigurationList;
			buildConfigurations = (
				938DCCDD1E365B0000F1E5C7 /* Debug */,
				938DCCDE1E365B0000F1E5C7 /* Release */,
			);
			defaultConfigurationIsVisible = 0;
			defaultConfigurationName = Release;
		};
		938DCCDF1E365B0000F1E5C7 /* Build configuration list for PBXNativeTarget "FirstC" */ = {
			isa = XCConfigurationList;
			buildConfigurations = (
				938DCCE01E365B0000F1E5C7 /* Debug */,
				938DCCE11E365B0000F1E5C7 /* Release */,
			);
			defaultConfigurationIsVisible = 0;
			defaultConfigurationName = Release;
		};
/* End XCConfigurationList section */
	};
	rootObject = 938DCCD01E365B0000F1E5C7 /* Project object */;
}
